lockfileVersion: 5.3

specifiers:
  '@sveltejs/kit': next
  '@types/three': ^0.134.0
  prettier: ^2.4.1
  prettier-plugin-svelte: ^2.4.0
  svelte: ^3.42.6
  svelte-cubed: ^0.2.0
  three: ^0.134.0

dependencies:
  svelte-cubed: registry.npmmirror.com/svelte-cubed/0.2.1
  three: registry.npmmirror.com/three/0.134.0

devDependencies:
  '@sveltejs/kit': registry.npmmirror.com/@sveltejs/kit/1.0.0-next.201_svelte@3.44.2
  '@types/three': registry.npmmirror.com/@types/three/0.134.0
  prettier: registry.npmmirror.com/prettier/2.5.0
  prettier-plugin-svelte: registry.npmmirror.com/prettier-plugin-svelte/2.5.0_prettier@2.5.0+svelte@3.44.2
  svelte: registry.npmmirror.com/svelte/3.44.2

packages:

  registry.nlark.com/@rollup/pluginutils/4.1.1:
    resolution: {integrity: sha1-HU2obdTt7RVlalfZM/2iuaCNR+w=, registry: https://registry.npm.taobao.org/, tarball: https://registry.nlark.com/@rollup/pluginutils/download/@rollup/pluginutils-4.1.1.tgz}
    name: '@rollup/pluginutils'
    version: 4.1.1
    engines: {node: '>= 8.0.0'}
    dependencies:
      estree-walker: registry.nlark.com/estree-walker/2.0.2
      picomatch: registry.nlark.com/picomatch/2.3.0
    dev: true

  registry.nlark.com/estree-walker/2.0.2:
    resolution: {integrity: sha1-UvAQF4wqTBF6d1fP6UKtt9LaTKw=, registry: https://registry.npm.taobao.org/, tarball: https://registry.nlark.com/estree-walker/download/estree-walker-2.0.2.tgz}
    name: estree-walker
    version: 2.0.2
    dev: true

  registry.nlark.com/function-bind/1.1.1:
    resolution: {integrity: sha1-pWiZ0+o8m6uHS7l3O3xe3pL0iV0=, registry: https://registry.npm.taobao.org/, tarball: https://registry.nlark.com/function-bind/download/function-bind-1.1.1.tgz}
    name: function-bind
    version: 1.1.1
    dev: true

  registry.nlark.com/has/1.0.3:
    resolution: {integrity: sha1-ci18v8H2qoJB8W3YFOAR4fQeh5Y=, registry: https://registry.npm.taobao.org/, tarball: https://registry.nlark.com/has/download/has-1.0.3.tgz}
    name: has
    version: 1.0.3
    engines: {node: '>= 0.4.0'}
    dependencies:
      function-bind: registry.nlark.com/function-bind/1.1.1
    dev: true

  registry.nlark.com/kleur/4.1.4:
    resolution: {integrity: sha1-jCAph9fld3ZtA5qM1GGTTAHNoE0=, registry: https://registry.npm.taobao.org/, tarball: https://registry.nlark.com/kleur/download/kleur-4.1.4.tgz}
    name: kleur
    version: 4.1.4
    engines: {node: '>=6'}
    dev: true

  registry.nlark.com/magic-string/0.25.7:
    resolution: {integrity: sha1-P0l9b9NMZpxnmNy4IfLvMfVEUFE=, registry: https://registry.npm.taobao.org/, tarball: https://registry.nlark.com/magic-string/download/magic-string-0.25.7.tgz}
    name: magic-string
    version: 0.25.7
    dependencies:
      sourcemap-codec: registry.nlark.com/sourcemap-codec/1.4.8
    dev: true

  registry.nlark.com/mri/1.2.0:
    resolution: {integrity: sha1-ZyFID+wqEaSImGERWki2y+fMjws=, registry: https://registry.npm.taobao.org/, tarball: https://registry.nlark.com/mri/download/mri-1.2.0.tgz}
    name: mri
    version: 1.2.0
    engines: {node: '>=4'}
    dev: true

  registry.nlark.com/path-parse/1.0.7:
    resolution: {integrity: sha1-+8EUtgykKzDZ2vWFjkvWi77bZzU=, registry: https://registry.npm.taobao.org/, tarball: https://registry.nlark.com/path-parse/download/path-parse-1.0.7.tgz}
    name: path-parse
    version: 1.0.7
    dev: true

  registry.nlark.com/picomatch/2.3.0:
    resolution: {integrity: sha1-8fBh3o9qS/AiiS4tEoI0+5gwKXI=, registry: https://registry.npm.taobao.org/, tarball: https://registry.nlark.com/picomatch/download/picomatch-2.3.0.tgz}
    name: picomatch
    version: 2.3.0
    engines: {node: '>=8.6'}
    dev: true

  registry.nlark.com/require-relative/0.8.7:
    resolution: {integrity: sha1-eZlTn8ngR6N5KPoZb44VY9q9Nt4=, registry: https://registry.npm.taobao.org/, tarball: https://registry.nlark.com/require-relative/download/require-relative-0.8.7.tgz}
    name: require-relative
    version: 0.8.7
    dev: true

  registry.nlark.com/resolve/1.20.0:
    resolution: {integrity: sha1-YpoBP7P3B1XW8LeTXMHCxTeLGXU=, registry: https://registry.npm.taobao.org/, tarball: https://registry.nlark.com/resolve/download/resolve-1.20.0.tgz}
    name: resolve
    version: 1.20.0
    dependencies:
      is-core-module: registry.npmmirror.com/is-core-module/2.8.0
      path-parse: registry.nlark.com/path-parse/1.0.7
    dev: true

  registry.nlark.com/sade/1.7.4:
    resolution: {integrity: sha1-6mgeDGXSSNIJXJBXjAPKC7G1RpE=, registry: https://registry.npm.taobao.org/, tarball: https://registry.nlark.com/sade/download/sade-1.7.4.tgz}
    name: sade
    version: 1.7.4
    engines: {node: '>= 6'}
    dependencies:
      mri: registry.nlark.com/mri/1.2.0
    dev: true

  registry.nlark.com/sourcemap-codec/1.4.8:
    resolution: {integrity: sha1-6oBL2UhXQC5pktBaOO8a41qatMQ=, registry: https://registry.npm.taobao.org/, tarball: https://registry.nlark.com/sourcemap-codec/download/sourcemap-codec-1.4.8.tgz}
    name: sourcemap-codec
    version: 1.4.8
    dev: true

  registry.nlark.com/unist-util-is/5.1.1:
    resolution: {integrity: sha1-6K7OCxAvqbwJew/vj4cMSW1KYjY=, registry: https://registry.npm.taobao.org/, tarball: https://registry.nlark.com/unist-util-is/download/unist-util-is-5.1.1.tgz}
    name: unist-util-is
    version: 5.1.1
    dev: false

  registry.nlark.com/unist-util-visit-parents/5.1.0:
    resolution: {integrity: sha1-RLvF0l8kEeffxc7P8S3kMpaqhSE=, registry: https://registry.npm.taobao.org/, tarball: https://registry.nlark.com/unist-util-visit-parents/download/unist-util-visit-parents-5.1.0.tgz}
    name: unist-util-visit-parents
    version: 5.1.0
    dependencies:
      '@types/unist': registry.npmmirror.com/@types/unist/2.0.6
      unist-util-is: registry.nlark.com/unist-util-is/5.1.1
    dev: false

  registry.npmmirror.com/@sveltejs/kit/1.0.0-next.201_svelte@3.44.2:
    resolution: {integrity: sha512-WcYexOEPWgDWOk0oOteTU5QwWykdIcOFJig+akeHqwE/jVtPURLZFtTNx0ymUWXN4S+dUXf60KF6HEMv74FHpA==, registry: https://registry.npm.taobao.org/, tarball: https://registry.npmmirror.com/@sveltejs/kit/download/@sveltejs/kit-1.0.0-next.201.tgz}
    id: registry.npmmirror.com/@sveltejs/kit/1.0.0-next.201
    name: '@sveltejs/kit'
    version: 1.0.0-next.201
    engines: {node: '>=14.13'}
    hasBin: true
    peerDependencies:
      svelte: ^3.44.0
    dependencies:
      '@sveltejs/vite-plugin-svelte': registry.npmmirror.com/@sveltejs/vite-plugin-svelte/1.0.0-next.30_svelte@3.44.2+vite@2.6.14
      cheap-watch: registry.npmmirror.com/cheap-watch/1.0.4
      sade: registry.nlark.com/sade/1.7.4
      svelte: registry.npmmirror.com/svelte/3.44.2
      vite: registry.npmmirror.com/vite/2.6.14
    transitivePeerDependencies:
      - diff-match-patch
      - less
      - sass
      - stylus
      - supports-color
    dev: true

  registry.npmmirror.com/@sveltejs/vite-plugin-svelte/1.0.0-next.30_svelte@3.44.2+vite@2.6.14:
    resolution: {integrity: sha1-ps0YG7QG1ZDB+o1IDFWVDVZ2ifk=, registry: https://registry.npm.taobao.org/, tarball: https://registry.npmmirror.com/@sveltejs/vite-plugin-svelte/download/@sveltejs/vite-plugin-svelte-1.0.0-next.30.tgz}
    id: registry.npmmirror.com/@sveltejs/vite-plugin-svelte/1.0.0-next.30
    name: '@sveltejs/vite-plugin-svelte'
    version: 1.0.0-next.30
    engines: {node: ^14.13.1 || >= 16}
    peerDependencies:
      diff-match-patch: ^1.0.5
      svelte: ^3.44.0
      vite: ^2.6.0
    peerDependenciesMeta:
      diff-match-patch:
        optional: true
    dependencies:
      '@rollup/pluginutils': registry.nlark.com/@rollup/pluginutils/4.1.1
      debug: registry.npmmirror.com/debug/4.3.3
      kleur: registry.nlark.com/kleur/4.1.4
      magic-string: registry.nlark.com/magic-string/0.25.7
      require-relative: registry.nlark.com/require-relative/0.8.7
      svelte: registry.npmmirror.com/svelte/3.44.2
      svelte-hmr: registry.npmmirror.com/svelte-hmr/0.14.7_svelte@3.44.2
      vite: registry.npmmirror.com/vite/2.6.14
    transitivePeerDependencies:
      - supports-color
    dev: true

  registry.npmmirror.com/@types/hast/2.3.4:
    resolution: {integrity: sha1-iqXvksEX0g2XSoK9+2pkiwjAuvw=, registry: https://registry.npm.taobao.org/, tarball: https://registry.npmmirror.com/@types/hast/download/@types/hast-2.3.4.tgz}
    name: '@types/hast'
    version: 2.3.4
    dependencies:
      '@types/unist': registry.npmmirror.com/@types/unist/2.0.6
    dev: false

  registry.npmmirror.com/@types/three/0.134.0:
    resolution: {integrity: sha512-4YB+99Rgqq27EjiYTItEoZtdjLnTh8W9LxowgpC9eWsjaQJIL4Kn/ZcUKAnW3gB/jS4hqGN8iqmid+RcUZDzpA==, registry: https://registry.npm.taobao.org/, tarball: https://registry.npmmirror.com/@types/three/download/@types/three-0.134.0.tgz}
    name: '@types/three'
    version: 0.134.0
    dev: true

  registry.npmmirror.com/@types/unist/2.0.6:
    resolution: {integrity: sha1-JQp7FsO5H2cqJFUuxkZ47rHToI0=, registry: https://registry.npm.taobao.org/, tarball: https://registry.npmmirror.com/@types/unist/download/@types/unist-2.0.6.tgz}
    name: '@types/unist'
    version: 2.0.6
    dev: false

  registry.npmmirror.com/cheap-watch/1.0.4:
    resolution: {integrity: sha1-C8tKOo+9nVMnk2ST9rVrqmaNj+8=, registry: https://registry.npm.taobao.org/, tarball: https://registry.npmmirror.com/cheap-watch/download/cheap-watch-1.0.4.tgz}
    name: cheap-watch
    version: 1.0.4
    engines: {node: '>=8'}
    dev: true

  registry.npmmirror.com/debug/4.3.3:
    resolution: {integrity: sha512-/zxw5+vh1Tfv+4Qn7a5nsbcJKPaSvCDhojn6FEl9vupwK2VCSDtEiEtqr8DFtzYFOdz63LBkxec7DYuc2jon6Q==, registry: https://registry.npm.taobao.org/, tarball: https://registry.npmmirror.com/debug/download/debug-4.3.3.tgz}
    name: debug
    version: 4.3.3
    engines: {node: '>=6.0'}
    peerDependencies:
      supports-color: '*'
    peerDependenciesMeta:
      supports-color:
        optional: true
    dependencies:
      ms: registry.npmmirror.com/ms/2.1.2
    dev: true

  registry.npmmirror.com/esbuild-android-arm64/0.13.15:
    resolution: {integrity: sha512-m602nft/XXeO8YQPUDVoHfjyRVPdPgjyyXOxZ44MK/agewFFkPa8tUo6lAzSWh5Ui5PB4KR9UIFTSBKh/RrCmg==, registry: https://registry.npm.taobao.org/, tarball: https://registry.npmmirror.com/esbuild-android-arm64/download/esbuild-android-arm64-0.13.15.tgz}
    name: esbuild-android-arm64
    version: 0.13.15
    cpu: [arm64]
    os: [android]
    requiresBuild: true
    dev: true
    optional: true

  registry.npmmirror.com/esbuild-darwin-64/0.13.15:
    resolution: {integrity: sha512-ihOQRGs2yyp7t5bArCwnvn2Atr6X4axqPpEdCFPVp7iUj4cVSdisgvEKdNR7yH3JDjW6aQDw40iQFoTqejqxvQ==, registry: https://registry.npm.taobao.org/, tarball: https://registry.npmmirror.com/esbuild-darwin-64/download/esbuild-darwin-64-0.13.15.tgz}
    name: esbuild-darwin-64
    version: 0.13.15
    cpu: [x64]
    os: [darwin]
    requiresBuild: true
    dev: true
    optional: true

  registry.npmmirror.com/esbuild-darwin-arm64/0.13.15:
    resolution: {integrity: sha512-i1FZssTVxUqNlJ6cBTj5YQj4imWy3m49RZRnHhLpefFIh0To05ow9DTrXROTE1urGTQCloFUXTX8QfGJy1P8dQ==, registry: https://registry.npm.taobao.org/, tarball: https://registry.npmmirror.com/esbuild-darwin-arm64/download/esbuild-darwin-arm64-0.13.15.tgz}
    name: esbuild-darwin-arm64
    version: 0.13.15
    cpu: [arm64]
    os: [darwin]
    requiresBuild: true
    dev: true
    optional: true

  registry.npmmirror.com/esbuild-freebsd-64/0.13.15:
    resolution: {integrity: sha512-G3dLBXUI6lC6Z09/x+WtXBXbOYQZ0E8TDBqvn7aMaOCzryJs8LyVXKY4CPnHFXZAbSwkCbqiPuSQ1+HhrNk7EA==, registry: https://registry.npm.taobao.org/, tarball: https://registry.npmmirror.com/esbuild-freebsd-64/download/esbuild-freebsd-64-0.13.15.tgz}
    name: esbuild-freebsd-64
    version: 0.13.15
    cpu: [x64]
    os: [freebsd]
    requiresBuild: true
    dev: true
    optional: true

  registry.npmmirror.com/esbuild-freebsd-arm64/0.13.15:
    resolution: {integrity: sha512-KJx0fzEDf1uhNOZQStV4ujg30WlnwqUASaGSFPhznLM/bbheu9HhqZ6mJJZM32lkyfGJikw0jg7v3S0oAvtvQQ==, registry: https://registry.npm.taobao.org/, tarball: https://registry.npmmirror.com/esbuild-freebsd-arm64/download/esbuild-freebsd-arm64-0.13.15.tgz}
    name: esbuild-freebsd-arm64
    version: 0.13.15
    cpu: [arm64]
    os: [freebsd]
    requiresBuild: true
    dev: true
    optional: true

  registry.npmmirror.com/esbuild-linux-32/0.13.15:
    resolution: {integrity: sha512-ZvTBPk0YWCLMCXiFmD5EUtB30zIPvC5Itxz0mdTu/xZBbbHJftQgLWY49wEPSn2T/TxahYCRDWun5smRa0Tu+g==, registry: https://registry.npm.taobao.org/, tarball: https://registry.npmmirror.com/esbuild-linux-32/download/esbuild-linux-32-0.13.15.tgz}
    name: esbuild-linux-32
    version: 0.13.15
    cpu: [ia32]
    os: [linux]
    requiresBuild: true
    dev: true
    optional: true

  registry.npmmirror.com/esbuild-linux-64/0.13.15:
    resolution: {integrity: sha512-eCKzkNSLywNeQTRBxJRQ0jxRCl2YWdMB3+PkWFo2BBQYC5mISLIVIjThNtn6HUNqua1pnvgP5xX0nHbZbPj5oA==, registry: https://registry.npm.taobao.org/, tarball: https://registry.npmmirror.com/esbuild-linux-64/download/esbuild-linux-64-0.13.15.tgz}
    name: esbuild-linux-64
    version: 0.13.15
    cpu: [x64]
    os: [linux]
    requiresBuild: true
    dev: true
    optional: true

  registry.npmmirror.com/esbuild-linux-arm/0.13.15:
    resolution: {integrity: sha512-wUHttDi/ol0tD8ZgUMDH8Ef7IbDX+/UsWJOXaAyTdkT7Yy9ZBqPg8bgB/Dn3CZ9SBpNieozrPRHm0BGww7W/jA==, registry: https://registry.npm.taobao.org/, tarball: https://registry.npmmirror.com/esbuild-linux-arm/download/esbuild-linux-arm-0.13.15.tgz}
    name: esbuild-linux-arm
    version: 0.13.15
    cpu: [arm]
    os: [linux]
    requiresBuild: true
    dev: true
    optional: true

  registry.npmmirror.com/esbuild-linux-arm64/0.13.15:
    resolution: {integrity: sha512-bYpuUlN6qYU9slzr/ltyLTR9YTBS7qUDymO8SV7kjeNext61OdmqFAzuVZom+OLW1HPHseBfJ/JfdSlx8oTUoA==, registry: https://registry.npm.taobao.org/, tarball: https://registry.npmmirror.com/esbuild-linux-arm64/download/esbuild-linux-arm64-0.13.15.tgz}
    name: esbuild-linux-arm64
    version: 0.13.15
    cpu: [arm64]
    os: [linux]
    requiresBuild: true
    dev: true
    optional: true

  registry.npmmirror.com/esbuild-linux-mips64le/0.13.15:
    resolution: {integrity: sha512-KlVjIG828uFPyJkO/8gKwy9RbXhCEUeFsCGOJBepUlpa7G8/SeZgncUEz/tOOUJTcWMTmFMtdd3GElGyAtbSWg==, registry: https://registry.npm.taobao.org/, tarball: https://registry.npmmirror.com/esbuild-linux-mips64le/download/esbuild-linux-mips64le-0.13.15.tgz}
    name: esbuild-linux-mips64le
    version: 0.13.15
    cpu: [mips64el]
    os: [linux]
    requiresBuild: true
    dev: true
    optional: true

  registry.npmmirror.com/esbuild-linux-ppc64le/0.13.15:
    resolution: {integrity: sha512-h6gYF+OsaqEuBjeesTBtUPw0bmiDu7eAeuc2OEH9S6mV9/jPhPdhOWzdeshb0BskRZxPhxPOjqZ+/OqLcxQwEQ==, registry: https://registry.npm.taobao.org/, tarball: https://registry.npmmirror.com/esbuild-linux-ppc64le/download/esbuild-linux-ppc64le-0.13.15.tgz}
    name: esbuild-linux-ppc64le
    version: 0.13.15
    cpu: [ppc64]
    os: [linux]
    requiresBuild: true
    dev: true
    optional: true

  registry.npmmirror.com/esbuild-netbsd-64/0.13.15:
    resolution: {integrity: sha512-3+yE9emwoevLMyvu+iR3rsa+Xwhie7ZEHMGDQ6dkqP/ndFzRHkobHUKTe+NCApSqG5ce2z4rFu+NX/UHnxlh3w==, registry: https://registry.npm.taobao.org/, tarball: https://registry.npmmirror.com/esbuild-netbsd-64/download/esbuild-netbsd-64-0.13.15.tgz}
    name: esbuild-netbsd-64
    version: 0.13.15
    cpu: [x64]
    os: [netbsd]
    requiresBuild: true
    dev: true
    optional: true

  registry.npmmirror.com/esbuild-openbsd-64/0.13.15:
    resolution: {integrity: sha512-wTfvtwYJYAFL1fSs8yHIdf5GEE4NkbtbXtjLWjM3Cw8mmQKqsg8kTiqJ9NJQe5NX/5Qlo7Xd9r1yKMMkHllp5g==, registry: https://registry.npm.taobao.org/, tarball: https://registry.npmmirror.com/esbuild-openbsd-64/download/esbuild-openbsd-64-0.13.15.tgz}
    name: esbuild-openbsd-64
    version: 0.13.15
    cpu: [x64]
    os: [openbsd]
    requiresBuild: true
    dev: true
    optional: true

  registry.npmmirror.com/esbuild-sunos-64/0.13.15:
    resolution: {integrity: sha512-lbivT9Bx3t1iWWrSnGyBP9ODriEvWDRiweAs69vI+miJoeKwHWOComSRukttbuzjZ8r1q0mQJ8Z7yUsDJ3hKdw==, registry: https://registry.npm.taobao.org/, tarball: https://registry.npmmirror.com/esbuild-sunos-64/download/esbuild-sunos-64-0.13.15.tgz}
    name: esbuild-sunos-64
    version: 0.13.15
    cpu: [x64]
    os: [sunos]
    requiresBuild: true
    dev: true
    optional: true

  registry.npmmirror.com/esbuild-windows-32/0.13.15:
    resolution: {integrity: sha512-fDMEf2g3SsJ599MBr50cY5ve5lP1wyVwTe6aLJsM01KtxyKkB4UT+fc5MXQFn3RLrAIAZOG+tHC+yXObpSn7Nw==, registry: https://registry.npm.taobao.org/, tarball: https://registry.npmmirror.com/esbuild-windows-32/download/esbuild-windows-32-0.13.15.tgz}
    name: esbuild-windows-32
    version: 0.13.15
    cpu: [ia32]
    os: [win32]
    requiresBuild: true
    dev: true
    optional: true

  registry.npmmirror.com/esbuild-windows-64/0.13.15:
    resolution: {integrity: sha512-9aMsPRGDWCd3bGjUIKG/ZOJPKsiztlxl/Q3C1XDswO6eNX/Jtwu4M+jb6YDH9hRSUflQWX0XKAfWzgy5Wk54JQ==, registry: https://registry.npm.taobao.org/, tarball: https://registry.npmmirror.com/esbuild-windows-64/download/esbuild-windows-64-0.13.15.tgz}
    name: esbuild-windows-64
    version: 0.13.15
    cpu: [x64]
    os: [win32]
    requiresBuild: true
    dev: true
    optional: true

  registry.npmmirror.com/esbuild-windows-arm64/0.13.15:
    resolution: {integrity: sha512-zzvyCVVpbwQQATaf3IG8mu1IwGEiDxKkYUdA4FpoCHi1KtPa13jeScYDjlW0Qh+ebWzpKfR2ZwvqAQkSWNcKjA==, registry: https://registry.npm.taobao.org/, tarball: https://registry.npmmirror.com/esbuild-windows-arm64/download/esbuild-windows-arm64-0.13.15.tgz}
    name: esbuild-windows-arm64
    version: 0.13.15
    cpu: [arm64]
    os: [win32]
    requiresBuild: true
    dev: true
    optional: true

  registry.npmmirror.com/esbuild/0.13.15:
    resolution: {integrity: sha512-raCxt02HBKv8RJxE8vkTSCXGIyKHdEdGfUmiYb8wnabnaEmHzyW7DCHb5tEN0xU8ryqg5xw54mcwnYkC4x3AIw==, registry: https://registry.npm.taobao.org/, tarball: https://registry.npmmirror.com/esbuild/download/esbuild-0.13.15.tgz}
    name: esbuild
    version: 0.13.15
    hasBin: true
    requiresBuild: true
    optionalDependencies:
      esbuild-android-arm64: registry.npmmirror.com/esbuild-android-arm64/0.13.15
      esbuild-darwin-64: registry.npmmirror.com/esbuild-darwin-64/0.13.15
      esbuild-darwin-arm64: registry.npmmirror.com/esbuild-darwin-arm64/0.13.15
      esbuild-freebsd-64: registry.npmmirror.com/esbuild-freebsd-64/0.13.15
      esbuild-freebsd-arm64: registry.npmmirror.com/esbuild-freebsd-arm64/0.13.15
      esbuild-linux-32: registry.npmmirror.com/esbuild-linux-32/0.13.15
      esbuild-linux-64: registry.npmmirror.com/esbuild-linux-64/0.13.15
      esbuild-linux-arm: registry.npmmirror.com/esbuild-linux-arm/0.13.15
      esbuild-linux-arm64: registry.npmmirror.com/esbuild-linux-arm64/0.13.15
      esbuild-linux-mips64le: registry.npmmirror.com/esbuild-linux-mips64le/0.13.15
      esbuild-linux-ppc64le: registry.npmmirror.com/esbuild-linux-ppc64le/0.13.15
      esbuild-netbsd-64: registry.npmmirror.com/esbuild-netbsd-64/0.13.15
      esbuild-openbsd-64: registry.npmmirror.com/esbuild-openbsd-64/0.13.15
      esbuild-sunos-64: registry.npmmirror.com/esbuild-sunos-64/0.13.15
      esbuild-windows-32: registry.npmmirror.com/esbuild-windows-32/0.13.15
      esbuild-windows-64: registry.npmmirror.com/esbuild-windows-64/0.13.15
      esbuild-windows-arm64: registry.npmmirror.com/esbuild-windows-arm64/0.13.15
    dev: true

  registry.npmmirror.com/fsevents/2.3.2:
    resolution: {integrity: sha1-ilJveLj99GI7cJ4Ll1xSwkwC/Ro=, registry: https://registry.npm.taobao.org/, tarball: https://registry.npmmirror.com/fsevents/download/fsevents-2.3.2.tgz}
    name: fsevents
    version: 2.3.2
    engines: {node: ^8.16.0 || ^10.6.0 || >=11.0.0}
    os: [darwin]
    requiresBuild: true
    dev: true
    optional: true

  registry.npmmirror.com/hast-util-heading-rank/2.1.0:
    resolution: {integrity: sha1-w580+oMw6/7AOgi11QGe1WEiApw=, registry: https://registry.npm.taobao.org/, tarball: https://registry.npmmirror.com/hast-util-heading-rank/download/hast-util-heading-rank-2.1.0.tgz}
    name: hast-util-heading-rank
    version: 2.1.0
    dependencies:
      '@types/hast': registry.npmmirror.com/@types/hast/2.3.4
    dev: false

  registry.npmmirror.com/is-core-module/2.8.0:
    resolution: {integrity: sha1-AyEzbD0JJeSX/Zf12VyxFKXM1Ug=, registry: https://registry.npm.taobao.org/, tarball: https://registry.npmmirror.com/is-core-module/download/is-core-module-2.8.0.tgz}
    name: is-core-module
    version: 2.8.0
    dependencies:
      has: registry.nlark.com/has/1.0.3
    dev: true

  registry.npmmirror.com/ms/2.1.2:
    resolution: {integrity: sha1-0J0fNXtEP0kzgqjrPM0YOHKuYAk=, registry: https://registry.npm.taobao.org/, tarball: https://registry.npmmirror.com/ms/download/ms-2.1.2.tgz?cache=0&sync_timestamp=1632788710719&other_urls=https%3A%2F%2Fregistry.npmmirror.com%2Fms%2Fdownload%2Fms-2.1.2.tgz}
    name: ms
    version: 2.1.2
    dev: true

  registry.npmmirror.com/nanoid/3.1.30:
    resolution: {integrity: sha1-Y/k8xUjSoRPcXfvGO/oJ4rm2Q2I=, registry: https://registry.npm.taobao.org/, tarball: https://registry.npmmirror.com/nanoid/download/nanoid-3.1.30.tgz}
    name: nanoid
    version: 3.1.30
    engines: {node: ^10 || ^12 || ^13.7 || ^14 || >=15.0.1}
    hasBin: true
    dev: true

  registry.npmmirror.com/picocolors/1.0.0:
    resolution: {integrity: sha1-y1vcdP8/UYkiNur3nWi8RFZKuBw=, registry: https://registry.npm.taobao.org/, tarball: https://registry.npmmirror.com/picocolors/download/picocolors-1.0.0.tgz}
    name: picocolors
    version: 1.0.0
    dev: true

  registry.npmmirror.com/postcss/8.4.4:
    resolution: {integrity: sha512-joU6fBsN6EIer28Lj6GDFoC/5yOZzLCfn0zHAn/MYXI7aPt4m4hK5KC5ovEZXy+lnCjmYIbQWngvju2ddyEr8Q==, registry: https://registry.npm.taobao.org/, tarball: https://registry.npmmirror.com/postcss/download/postcss-8.4.4.tgz}
    name: postcss
    version: 8.4.4
    engines: {node: ^10 || ^12 || >=14}
    dependencies:
      nanoid: registry.npmmirror.com/nanoid/3.1.30
      picocolors: registry.npmmirror.com/picocolors/1.0.0
      source-map-js: registry.npmmirror.com/source-map-js/1.0.1
    dev: true

  registry.npmmirror.com/prettier-plugin-svelte/2.5.0_prettier@2.5.0+svelte@3.44.2:
    resolution: {integrity: sha512-+iHY2uGChOngrgKielJUnqo74gIL/EO5oeWm8MftFWjEi213lq9QYTOwm1pv4lI1nA61tdgf80CF2i5zMcu1kw==, registry: https://registry.npm.taobao.org/, tarball: https://registry.npmmirror.com/prettier-plugin-svelte/download/prettier-plugin-svelte-2.5.0.tgz}
    id: registry.npmmirror.com/prettier-plugin-svelte/2.5.0
    name: prettier-plugin-svelte
    version: 2.5.0
    peerDependencies:
      prettier: ^1.16.4 || ^2.0.0
      svelte: ^3.2.0
    dependencies:
      prettier: registry.npmmirror.com/prettier/2.5.0
      svelte: registry.npmmirror.com/svelte/3.44.2
    dev: true

  registry.npmmirror.com/prettier/2.5.0:
    resolution: {integrity: sha512-FM/zAKgWTxj40rH03VxzIPdXmj39SwSjwG0heUcNFwI+EMZJnY93yAiKXM3dObIKAM5TA88werc8T/EwhB45eg==, registry: https://registry.npm.taobao.org/, tarball: https://registry.npmmirror.com/prettier/download/prettier-2.5.0.tgz}
    name: prettier
    version: 2.5.0
    engines: {node: '>=10.13.0'}
    hasBin: true
    dev: true

  registry.npmmirror.com/rollup/2.60.2:
    resolution: {integrity: sha512-1Bgjpq61sPjgoZzuiDSGvbI1tD91giZABgjCQBKM5aYLnzjq52GoDuWVwT/cm/MCxCMPU8gqQvkj8doQ5C8Oqw==, registry: https://registry.npm.taobao.org/, tarball: https://registry.npmmirror.com/rollup/download/rollup-2.60.2.tgz}
    name: rollup
    version: 2.60.2
    engines: {node: '>=10.0.0'}
    hasBin: true
    optionalDependencies:
      fsevents: registry.npmmirror.com/fsevents/2.3.2
    dev: true

  registry.npmmirror.com/source-map-js/1.0.1:
    resolution: {integrity: sha512-4+TN2b3tqOCd/kaGRJ/sTYA0tR0mdXx26ipdolxcwtJVqEnqNYvlCAt1q3ypy4QMlYus+Zh34RNtYLoq2oQ4IA==, registry: https://registry.npm.taobao.org/, tarball: https://registry.npmmirror.com/source-map-js/download/source-map-js-1.0.1.tgz}
    name: source-map-js
    version: 1.0.1
    engines: {node: '>=0.10.0'}
    dev: true

  registry.npmmirror.com/svelte-cubed/0.2.1:
    resolution: {integrity: sha512-6k0m4Bg2abA0WBigqBSR5QW+aBFX/UV26W0IlrNzDVBm6rlJHt7OYeeHW9AuBZzyWq4A/gSBCoa1GNYiANFrbQ==, registry: https://registry.npm.taobao.org/, tarball: https://registry.npmmirror.com/svelte-cubed/download/svelte-cubed-0.2.1.tgz}
    name: svelte-cubed
    version: 0.2.1
    dependencies:
      hast-util-heading-rank: registry.npmmirror.com/hast-util-heading-rank/2.1.0
      unist-util-visit: registry.npmmirror.com/unist-util-visit/4.1.0
      yootils: registry.npmmirror.com/yootils/0.3.1
    dev: false

  registry.npmmirror.com/svelte-hmr/0.14.7_svelte@3.44.2:
    resolution: {integrity: sha1-f6gmHHsiXZQJ8KhvO56lw8pvZgc=, registry: https://registry.npm.taobao.org/, tarball: https://registry.npmmirror.com/svelte-hmr/download/svelte-hmr-0.14.7.tgz}
    id: registry.npmmirror.com/svelte-hmr/0.14.7
    name: svelte-hmr
    version: 0.14.7
    peerDependencies:
      svelte: '>=3.19.0'
    dependencies:
      svelte: registry.npmmirror.com/svelte/3.44.2
    dev: true

  registry.npmmirror.com/svelte/3.44.2:
    resolution: {integrity: sha512-jrZhZtmH3ZMweXg1Q15onb8QlWD+a5T5Oca4C1jYvSURp2oD35h4A5TV6t6MEa93K4LlX6BkafZPdQoFjw/ylA==, registry: https://registry.npm.taobao.org/, tarball: https://registry.npmmirror.com/svelte/download/svelte-3.44.2.tgz}
    name: svelte
    version: 3.44.2
    engines: {node: '>= 8'}
    dev: true

  registry.npmmirror.com/three/0.134.0:
    resolution: {integrity: sha1-161NhdBQ2ghhvzl0mwbd+18XFX8=, registry: https://registry.npm.taobao.org/, tarball: https://registry.npmmirror.com/three/download/three-0.134.0.tgz}
    name: three
    version: 0.134.0
    dev: false

  registry.npmmirror.com/unist-util-visit/4.1.0:
    resolution: {integrity: sha1-9B5Aep6U2jFZTmscmBHFGrCz2PU=, registry: https://registry.npm.taobao.org/, tarball: https://registry.npmmirror.com/unist-util-visit/download/unist-util-visit-4.1.0.tgz}
    name: unist-util-visit
    version: 4.1.0
    dependencies:
      '@types/unist': registry.npmmirror.com/@types/unist/2.0.6
      unist-util-is: registry.nlark.com/unist-util-is/5.1.1
      unist-util-visit-parents: registry.nlark.com/unist-util-visit-parents/5.1.0
    dev: false

  registry.npmmirror.com/vite/2.6.14:
    resolution: {integrity: sha512-2HA9xGyi+EhY2MXo0+A2dRsqsAG3eFNEVIo12olkWhOmc8LfiM+eMdrXf+Ruje9gdXgvSqjLI9freec1RUM5EA==, registry: https://registry.npm.taobao.org/, tarball: https://registry.npmmirror.com/vite/download/vite-2.6.14.tgz}
    name: vite
    version: 2.6.14
    engines: {node: '>=12.2.0'}
    hasBin: true
    peerDependencies:
      less: '*'
      sass: '*'
      stylus: '*'
    peerDependenciesMeta:
      less:
        optional: true
      sass:
        optional: true
      stylus:
        optional: true
    dependencies:
      esbuild: registry.npmmirror.com/esbuild/0.13.15
      postcss: registry.npmmirror.com/postcss/8.4.4
      resolve: registry.nlark.com/resolve/1.20.0
      rollup: registry.npmmirror.com/rollup/2.60.2
    optionalDependencies:
      fsevents: registry.npmmirror.com/fsevents/2.3.2
    dev: true

  registry.npmmirror.com/yootils/0.3.1:
    resolution: {integrity: sha1-wxIr2BQjZAu7C0/UavfSVPUxr1E=, registry: https://registry.npm.taobao.org/, tarball: https://registry.npmmirror.com/yootils/download/yootils-0.3.1.tgz}
    name: yootils
    version: 0.3.1
    dev: false
